
Microsoft Visual Studio Solution File, Format Version 12.00
# Visual Studio Version 17
VisualStudioVersion = 17.9.34728.123
MinimumVisualStudioVersion = 10.0.40219.1
Project("{2150E333-8FDC-42A3-9474-1A3956D46DE8}") = "Services", "Services", "{D3B4E721-C7E7-42C2-A3E5-F42E30FAEB9F}"
EndProject
Project("{2150E333-8FDC-42A3-9474-1A3956D46DE8}") = "Catalog", "Catalog", "{46952EE7-CE30-4937-870C-090D9C29F541}"
EndProject
Project("{9A19103F-16F7-4668-BE54-9A1E7A4F7556}") = "Catalog.API", "Services\Catalog\Catalog.API\Catalog.API.csproj", "{81516D59-E3D8-467A-8667-7FE3DD464AE0}"
EndProject
Project("{2150E333-8FDC-42A3-9474-1A3956D46DE8}") = "BuildingBlocks", "BuildingBlocks", "{FD16BF93-7A2C-4CDD-BAD9-6A800F60D0A3}"
EndProject
Project("{9A19103F-16F7-4668-BE54-9A1E7A4F7556}") = "BuildingBlocks", "BuildingBlocks\BuildingBlocks\BuildingBlocks.csproj", "{29661792-D6E5-4306-9B10-59DC568B9E76}"
EndProject
Project("{E53339B2-1760-4266-BCC7-CA923CBCF16C}") = "docker-compose", "docker-compose.dcproj", "{7E722196-CE10-4297-85C8-B23AC68C54F2}"
EndProject
Project("{2150E333-8FDC-42A3-9474-1A3956D46DE8}") = "Basket", "Basket", "{122BEDF9-FB06-4709-81CE-FD32B7179710}"
EndProject
Project("{9A19103F-16F7-4668-BE54-9A1E7A4F7556}") = "Basket.API", "Services\Basket\Basket.API\Basket.API.csproj", "{EFEDA07F-52FF-42CD-9A6B-1C88AECC3487}"
EndProject
Project("{2150E333-8FDC-42A3-9474-1A3956D46DE8}") = "Discount", "Discount", "{91C28AC5-1989-4551-8C88-D44E09D76432}"
EndProject
Project("{9A19103F-16F7-4668-BE54-9A1E7A4F7556}") = "Discount.Grpc", "Services\Discount\Discount.Grpc\Discount.Grpc.csproj", "{70B57095-B9ED-46ED-BE9C-F444B44BB473}"
EndProject
Project("{2150E333-8FDC-42A3-9474-1A3956D46DE8}") = "Ordering", "Ordering", "{69740FDB-25B8-4378-891C-655DA8A31929}"
EndProject
Project("{9A19103F-16F7-4668-BE54-9A1E7A4F7556}") = "Ordering.API", "Services\Ordering\Ordering.API\Ordering.API.csproj", "{AE4AB4C6-864C-4834-80DA-F649EE5820D6}"
EndProject
Project("{9A19103F-16F7-4668-BE54-9A1E7A4F7556}") = "Ordering.Application", "Services\Ordering\Ordering.Application\Ordering.Application.csproj", "{F9F75F2E-90D3-43B4-8541-D65A522BBFA0}"
EndProject
Project("{9A19103F-16F7-4668-BE54-9A1E7A4F7556}") = "Ordering.Domain", "Services\Ordering\Ordering.Domain\Ordering.Domain.csproj", "{B339E3B7-626B-4D23-8F3B-909EBD459795}"
EndProject
Project("{9A19103F-16F7-4668-BE54-9A1E7A4F7556}") = "Ordering.Infrastructure", "Services\Ordering\Ordering.Infracstructure\Ordering.Infrastructure.csproj", "{16D2009B-4B83-40A0-A086-117EBE811BDB}"
EndProject
Project("{9A19103F-16F7-4668-BE54-9A1E7A4F7556}") = "BuildingBlocks.Messaging", "BuildingBlocks\BuildingBlocks.Messaging\BuildingBlocks.Messaging.csproj", "{E8DB5067-0FC6-48CB-829E-6D26EA610A44}"
EndProject
Project("{2150E333-8FDC-42A3-9474-1A3956D46DE8}") = "APIGateways", "APIGateways", "{984FAF70-A9B0-4CDD-A176-E6C5AE83F2D5}"
EndProject
Project("{FAE04EC0-301F-11D3-BF4B-00C04F79EFBC}") = "YarpApiGateway", "APIGateways\YarpApiGateway\YarpApiGateway.csproj", "{1F31A5E8-7A91-4A26-94E6-4C586FAB6A61}"
EndProject
Global
	GlobalSection(SolutionConfigurationPlatforms) = preSolution
		Debug|Any CPU = Debug|Any CPU
		Release|Any CPU = Release|Any CPU
	EndGlobalSection
	GlobalSection(ProjectConfigurationPlatforms) = postSolution
		{81516D59-E3D8-467A-8667-7FE3DD464AE0}.Debug|Any CPU.ActiveCfg = Debug|Any CPU
		{81516D59-E3D8-467A-8667-7FE3DD464AE0}.Debug|Any CPU.Build.0 = Debug|Any CPU
		{81516D59-E3D8-467A-8667-7FE3DD464AE0}.Release|Any CPU.ActiveCfg = Release|Any CPU
		{81516D59-E3D8-467A-8667-7FE3DD464AE0}.Release|Any CPU.Build.0 = Release|Any CPU
		{29661792-D6E5-4306-9B10-59DC568B9E76}.Debug|Any CPU.ActiveCfg = Debug|Any CPU
		{29661792-D6E5-4306-9B10-59DC568B9E76}.Debug|Any CPU.Build.0 = Debug|Any CPU
		{29661792-D6E5-4306-9B10-59DC568B9E76}.Release|Any CPU.ActiveCfg = Release|Any CPU
		{29661792-D6E5-4306-9B10-59DC568B9E76}.Release|Any CPU.Build.0 = Release|Any CPU
		{7E722196-CE10-4297-85C8-B23AC68C54F2}.Debug|Any CPU.ActiveCfg = Debug|Any CPU
		{7E722196-CE10-4297-85C8-B23AC68C54F2}.Debug|Any CPU.Build.0 = Debug|Any CPU
		{7E722196-CE10-4297-85C8-B23AC68C54F2}.Release|Any CPU.ActiveCfg = Release|Any CPU
		{7E722196-CE10-4297-85C8-B23AC68C54F2}.Release|Any CPU.Build.0 = Release|Any CPU
		{EFEDA07F-52FF-42CD-9A6B-1C88AECC3487}.Debug|Any CPU.ActiveCfg = Debug|Any CPU
		{EFEDA07F-52FF-42CD-9A6B-1C88AECC3487}.Debug|Any CPU.Build.0 = Debug|Any CPU
		{EFEDA07F-52FF-42CD-9A6B-1C88AECC3487}.Release|Any CPU.ActiveCfg = Release|Any CPU
		{EFEDA07F-52FF-42CD-9A6B-1C88AECC3487}.Release|Any CPU.Build.0 = Release|Any CPU
		{70B57095-B9ED-46ED-BE9C-F444B44BB473}.Debug|Any CPU.ActiveCfg = Debug|Any CPU
		{70B57095-B9ED-46ED-BE9C-F444B44BB473}.Debug|Any CPU.Build.0 = Debug|Any CPU
		{70B57095-B9ED-46ED-BE9C-F444B44BB473}.Release|Any CPU.ActiveCfg = Release|Any CPU
		{70B57095-B9ED-46ED-BE9C-F444B44BB473}.Release|Any CPU.Build.0 = Release|Any CPU
		{AE4AB4C6-864C-4834-80DA-F649EE5820D6}.Debug|Any CPU.ActiveCfg = Debug|Any CPU
		{AE4AB4C6-864C-4834-80DA-F649EE5820D6}.Debug|Any CPU.Build.0 = Debug|Any CPU
		{AE4AB4C6-864C-4834-80DA-F649EE5820D6}.Release|Any CPU.ActiveCfg = Release|Any CPU
		{AE4AB4C6-864C-4834-80DA-F649EE5820D6}.Release|Any CPU.Build.0 = Release|Any CPU
		{F9F75F2E-90D3-43B4-8541-D65A522BBFA0}.Debug|Any CPU.ActiveCfg = Debug|Any CPU
		{F9F75F2E-90D3-43B4-8541-D65A522BBFA0}.Debug|Any CPU.Build.0 = Debug|Any CPU
		{F9F75F2E-90D3-43B4-8541-D65A522BBFA0}.Release|Any CPU.ActiveCfg = Release|Any CPU
		{F9F75F2E-90D3-43B4-8541-D65A522BBFA0}.Release|Any CPU.Build.0 = Release|Any CPU
		{B339E3B7-626B-4D23-8F3B-909EBD459795}.Debug|Any CPU.ActiveCfg = Debug|Any CPU
		{B339E3B7-626B-4D23-8F3B-909EBD459795}.Debug|Any CPU.Build.0 = Debug|Any CPU
		{B339E3B7-626B-4D23-8F3B-909EBD459795}.Release|Any CPU.ActiveCfg = Release|Any CPU
		{B339E3B7-626B-4D23-8F3B-909EBD459795}.Release|Any CPU.Build.0 = Release|Any CPU
		{16D2009B-4B83-40A0-A086-117EBE811BDB}.Debug|Any CPU.ActiveCfg = Debug|Any CPU
		{16D2009B-4B83-40A0-A086-117EBE811BDB}.Debug|Any CPU.Build.0 = Debug|Any CPU
		{16D2009B-4B83-40A0-A086-117EBE811BDB}.Release|Any CPU.ActiveCfg = Release|Any CPU
		{16D2009B-4B83-40A0-A086-117EBE811BDB}.Release|Any CPU.Build.0 = Release|Any CPU
		{E8DB5067-0FC6-48CB-829E-6D26EA610A44}.Debug|Any CPU.ActiveCfg = Debug|Any CPU
		{E8DB5067-0FC6-48CB-829E-6D26EA610A44}.Debug|Any CPU.Build.0 = Debug|Any CPU
		{E8DB5067-0FC6-48CB-829E-6D26EA610A44}.Release|Any CPU.ActiveCfg = Release|Any CPU
		{E8DB5067-0FC6-48CB-829E-6D26EA610A44}.Release|Any CPU.Build.0 = Release|Any CPU
		{1F31A5E8-7A91-4A26-94E6-4C586FAB6A61}.Debug|Any CPU.ActiveCfg = Debug|Any CPU
		{1F31A5E8-7A91-4A26-94E6-4C586FAB6A61}.Debug|Any CPU.Build.0 = Debug|Any CPU
		{1F31A5E8-7A91-4A26-94E6-4C586FAB6A61}.Release|Any CPU.ActiveCfg = Release|Any CPU
		{1F31A5E8-7A91-4A26-94E6-4C586FAB6A61}.Release|Any CPU.Build.0 = Release|Any CPU
	EndGlobalSection
	GlobalSection(SolutionProperties) = preSolution
		HideSolutionNode = FALSE
	EndGlobalSection
	GlobalSection(NestedProjects) = preSolution
		{46952EE7-CE30-4937-870C-090D9C29F541} = {D3B4E721-C7E7-42C2-A3E5-F42E30FAEB9F}
		{81516D59-E3D8-467A-8667-7FE3DD464AE0} = {46952EE7-CE30-4937-870C-090D9C29F541}
		{29661792-D6E5-4306-9B10-59DC568B9E76} = {FD16BF93-7A2C-4CDD-BAD9-6A800F60D0A3}
		{122BEDF9-FB06-4709-81CE-FD32B7179710} = {D3B4E721-C7E7-42C2-A3E5-F42E30FAEB9F}
		{EFEDA07F-52FF-42CD-9A6B-1C88AECC3487} = {122BEDF9-FB06-4709-81CE-FD32B7179710}
		{91C28AC5-1989-4551-8C88-D44E09D76432} = {D3B4E721-C7E7-42C2-A3E5-F42E30FAEB9F}
		{70B57095-B9ED-46ED-BE9C-F444B44BB473} = {91C28AC5-1989-4551-8C88-D44E09D76432}
		{69740FDB-25B8-4378-891C-655DA8A31929} = {D3B4E721-C7E7-42C2-A3E5-F42E30FAEB9F}
		{AE4AB4C6-864C-4834-80DA-F649EE5820D6} = {69740FDB-25B8-4378-891C-655DA8A31929}
		{F9F75F2E-90D3-43B4-8541-D65A522BBFA0} = {69740FDB-25B8-4378-891C-655DA8A31929}
		{B339E3B7-626B-4D23-8F3B-909EBD459795} = {69740FDB-25B8-4378-891C-655DA8A31929}
		{16D2009B-4B83-40A0-A086-117EBE811BDB} = {69740FDB-25B8-4378-891C-655DA8A31929}
		{E8DB5067-0FC6-48CB-829E-6D26EA610A44} = {FD16BF93-7A2C-4CDD-BAD9-6A800F60D0A3}
		{1F31A5E8-7A91-4A26-94E6-4C586FAB6A61} = {984FAF70-A9B0-4CDD-A176-E6C5AE83F2D5}
	EndGlobalSection
	GlobalSection(ExtensibilityGlobals) = postSolution
		SolutionGuid = {10001A67-6C1B-4169-82F8-59162AA0E8EE}
	EndGlobalSection
EndGlobal
